// !$*UTF8*$!
{
	archiveVersion = 1;
	classes = {
	};
	objectVersion = 50;
	objects = {

/* Begin PBXBuildFile section */
		6CC8DF53911527469817E20F /* Pods_WordsCounterTests.framework in Frameworks */ = {isa = PBXBuildFile; fileRef = 2F0B4E23F2D22AA6C02A42DA /* Pods_WordsCounterTests.framework */; };
		CAB1317621FA080700680F5B /* AppDelegate.swift in Sources */ = {isa = PBXBuildFile; fileRef = CAB1317521FA080700680F5B /* AppDelegate.swift */; };
		CAB1317821FA080700680F5B /* ViewController.swift in Sources */ = {isa = PBXBuildFile; fileRef = CAB1317721FA080700680F5B /* ViewController.swift */; };
		CAB1317B21FA080700680F5B /* Main.storyboard in Resources */ = {isa = PBXBuildFile; fileRef = CAB1317921FA080700680F5B /* Main.storyboard */; };
		CAB1317D21FA080700680F5B /* Assets.xcassets in Resources */ = {isa = PBXBuildFile; fileRef = CAB1317C21FA080700680F5B /* Assets.xcassets */; };
		CAB1318021FA080700680F5B /* LaunchScreen.storyboard in Resources */ = {isa = PBXBuildFile; fileRef = CAB1317E21FA080700680F5B /* LaunchScreen.storyboard */; };
		CAB1318B21FA080700680F5B /* WordsCounterTests.swift in Sources */ = {isa = PBXBuildFile; fileRef = CAB1318A21FA080700680F5B /* WordsCounterTests.swift */; };
		E987E9B98C2E6CEF7F6CEEDD /* Pods_WordsCounter.framework in Frameworks */ = {isa = PBXBuildFile; fileRef = A1CF8723B8C3D046D2A30C67 /* Pods_WordsCounter.framework */; };
/* End PBXBuildFile section */

/* Begin PBXContainerItemProxy section */
		CAB1318721FA080700680F5B /* PBXContainerItemProxy */ = {
			isa = PBXContainerItemProxy;
			containerPortal = CAB1316A21FA080700680F5B /* Project object */;
			proxyType = 1;
			remoteGlobalIDString = CAB1317121FA080700680F5B;
			remoteInfo = WordsCounter;
		};
/* End PBXContainerItemProxy section */

/* Begin PBXFileReference section */
		2F0B4E23F2D22AA6C02A42DA /* Pods_WordsCounterTests.framework */ = {isa = PBXFileReference; explicitFileType = wrapper.framework; includeInIndex = 0; path = Pods_WordsCounterTests.framework; sourceTree = BUILT_PRODUCTS_DIR; };
		952BE6CE7A715E750DF1A15B /* Pods-WordsCounterTests.release.xcconfig */ = {isa = PBXFileReference; includeInIndex = 1; lastKnownFileType = text.xcconfig; name = "Pods-WordsCounterTests.release.xcconfig"; path = "Pods/Target Support Files/Pods-WordsCounterTests/Pods-WordsCounterTests.release.xcconfig"; sourceTree = "<group>"; };
		9EEE2AE2D458F8B11812DB9D /* Pods-WordsCounterTests.debug.xcconfig */ = {isa = PBXFileReference; includeInIndex = 1; lastKnownFileType = text.xcconfig; name = "Pods-WordsCounterTests.debug.xcconfig"; path = "Pods/Target Support Files/Pods-WordsCounterTests/Pods-WordsCounterTests.debug.xcconfig"; sourceTree = "<group>"; };
		A1CF8723B8C3D046D2A30C67 /* Pods_WordsCounter.framework */ = {isa = PBXFileReference; explicitFileType = wrapper.framework; includeInIndex = 0; path = Pods_WordsCounter.framework; sourceTree = BUILT_PRODUCTS_DIR; };
		A48A65B466E7324205BD4DEE /* Pods-WordsCounter.release.xcconfig */ = {isa = PBXFileReference; includeInIndex = 1; lastKnownFileType = text.xcconfig; name = "Pods-WordsCounter.release.xcconfig"; path = "Pods/Target Support Files/Pods-WordsCounter/Pods-WordsCounter.release.xcconfig"; sourceTree = "<group>"; };
		C0F57F7013130C1C1473BA80 /* Pods-WordsCounter.debug.xcconfig */ = {isa = PBXFileReference; includeInIndex = 1; lastKnownFileType = text.xcconfig; name = "Pods-WordsCounter.debug.xcconfig"; path = "Pods/Target Support Files/Pods-WordsCounter/Pods-WordsCounter.debug.xcconfig"; sourceTree = "<group>"; };
		CAB1317221FA080700680F5B /* WordsCounter.app */ = {isa = PBXFileReference; explicitFileType = wrapper.application; includeInIndex = 0; path = WordsCounter.app; sourceTree = BUILT_PRODUCTS_DIR; };
		CAB1317521FA080700680F5B /* AppDelegate.swift */ = {isa = PBXFileReference; lastKnownFileType = sourcecode.swift; path = AppDelegate.swift; sourceTree = "<group>"; };
		CAB1317721FA080700680F5B /* ViewController.swift */ = {isa = PBXFileReference; lastKnownFileType = sourcecode.swift; path = ViewController.swift; sourceTree = "<group>"; };
		CAB1317A21FA080700680F5B /* Base */ = {isa = PBXFileReference; lastKnownFileType = file.storyboard; name = Base; path = Base.lproj/Main.storyboard; sourceTree = "<group>"; };
		CAB1317C21FA080700680F5B /* Assets.xcassets */ = {isa = PBXFileReference; lastKnownFileType = folder.assetcatalog; path = Assets.xcassets; sourceTree = "<group>"; };
		CAB1317F21FA080700680F5B /* Base */ = {isa = PBXFileReference; lastKnownFileType = file.storyboard; name = Base; path = Base.lproj/LaunchScreen.storyboard; sourceTree = "<group>"; };
		CAB1318121FA080700680F5B /* Info.plist */ = {isa = PBXFileReference; lastKnownFileType = text.plist.xml; path = Info.plist; sourceTree = "<group>"; };
		CAB1318621FA080700680F5B /* WordsCounterTests.xctest */ = {isa = PBXFileReference; explicitFileType = wrapper.cfbundle; includeInIndex = 0; path = WordsCounterTests.xctest; sourceTree = BUILT_PRODUCTS_DIR; };
		CAB1318A21FA080700680F5B /* WordsCounterTests.swift */ = {isa = PBXFileReference; lastKnownFileType = sourcecode.swift; path = WordsCounterTests.swift; sourceTree = "<group>"; };
		CAB1318C21FA080700680F5B /* Info.plist */ = {isa = PBXFileReference; lastKnownFileType = text.plist.xml; path = Info.plist; sourceTree = "<group>"; };
/* End PBXFileReference section */

/* Begin PBXFrameworksBuildPhase section */
		CAB1316F21FA080700680F5B /* Frameworks */ = {
			isa = PBXFrameworksBuildPhase;
			buildActionMask = 2147483647;
			files = (
				E987E9B98C2E6CEF7F6CEEDD /* Pods_WordsCounter.framework in Frameworks */,
			);
			runOnlyForDeploymentPostprocessing = 0;
		};
		CAB1318321FA080700680F5B /* Frameworks */ = {
			isa = PBXFrameworksBuildPhase;
			buildActionMask = 2147483647;
			files = (
				6CC8DF53911527469817E20F /* Pods_WordsCounterTests.framework in Frameworks */,
			);
			runOnlyForDeploymentPostprocessing = 0;
		};
/* End PBXFrameworksBuildPhase section */

/* Begin PBXGroup section */
		BAB08819EC5EF6EB41B20C9D /* Frameworks */ = {
			isa = PBXGroup;
			children = (
				A1CF8723B8C3D046D2A30C67 /* Pods_WordsCounter.framework */,
				2F0B4E23F2D22AA6C02A42DA /* Pods_WordsCounterTests.framework */,
			);
			name = Frameworks;
			sourceTree = "<group>";
		};
		CAB1316921FA080700680F5B = {
			isa = PBXGroup;
			children = (
				CAB1317421FA080700680F5B /* WordsCounter */,
				CAB1318921FA080700680F5B /* WordsCounterTests */,
				CAB1317321FA080700680F5B /* Products */,
				FB662694F2E614EA508337E3 /* Pods */,
				BAB08819EC5EF6EB41B20C9D /* Frameworks */,
			);
			sourceTree = "<group>";
		};
		CAB1317321FA080700680F5B /* Products */ = {
			isa = PBXGroup;
			children = (
				CAB1317221FA080700680F5B /* WordsCounter.app */,
				CAB1318621FA080700680F5B /* WordsCounterTests.xctest */,
			);
			name = Products;
			sourceTree = "<group>";
		};
		CAB1317421FA080700680F5B /* WordsCounter */ = {
			isa = PBXGroup;
			children = (
				CAB1317521FA080700680F5B /* AppDelegate.swift */,
				CAB1317721FA080700680F5B /* ViewController.swift */,
				CAB1317921FA080700680F5B /* Main.storyboard */,
				CAB1317C21FA080700680F5B /* Assets.xcassets */,
				CAB1317E21FA080700680F5B /* LaunchScreen.storyboard */,
				CAB1318121FA080700680F5B /* Info.plist */,
			);
			path = WordsCounter;
			sourceTree = "<group>";
		};
		CAB1318921FA080700680F5B /* WordsCounterTests */ = {
			isa = PBXGroup;
			children = (
				CAB1318A21FA080700680F5B /* WordsCounterTests.swift */,
				CAB1318C21FA080700680F5B /* Info.plist */,
			);
			path = WordsCounterTests;
			sourceTree = "<group>";
		};
		FB662694F2E614EA508337E3 /* Pods */ = {
			isa = PBXGroup;
			children = (
				C0F57F7013130C1C1473BA80 /* Pods-WordsCounter.debug.xcconfig */,
				A48A65B466E7324205BD4DEE /* Pods-WordsCounter.release.xcconfig */,
				9EEE2AE2D458F8B11812DB9D /* Pods-WordsCounterTests.debug.xcconfig */,
				952BE6CE7A715E750DF1A15B /* Pods-WordsCounterTests.release.xcconfig */,
			);
			name = Pods;
			sourceTree = "<group>";
		};
/* End PBXGroup section */

/* Begin PBXNativeTarget section */
		CAB1317121FA080700680F5B /* WordsCounter */ = {
			isa = PBXNativeTarget;
			buildConfigurationList = CAB1318F21FA080700680F5B /* Build configuration list for PBXNativeTarget "WordsCounter" */;
			buildPhases = (
				8D7F3F68ADE5B816F874EC32 /* [CP] Check Pods Manifest.lock */,
				CAB1316E21FA080700680F5B /* Sources */,
				CAB1316F21FA080700680F5B /* Frameworks */,
				CAB1317021FA080700680F5B /* Resources */,
			);
			buildRules = (
			);
			dependencies = (
			);
			name = WordsCounter;
			productName = WordsCounter;
			productReference = CAB1317221FA080700680F5B /* WordsCounter.app */;
			productType = "com.apple.product-type.application";
		};
		CAB1318521FA080700680F5B /* WordsCounterTests */ = {
			isa = PBXNativeTarget;
			buildConfigurationList = CAB1319221FA080700680F5B /* Build configuration list for PBXNativeTarget "WordsCounterTests" */;
			buildPhases = (
				C571D5D913B127ED96DBE056 /* [CP] Check Pods Manifest.lock */,
				CAB1318221FA080700680F5B /* Sources */,
				CAB1318321FA080700680F5B /* Frameworks */,
				CAB1318421FA080700680F5B /* Resources */,
			);
			buildRules = (
			);
			dependencies = (
				CAB1318821FA080700680F5B /* PBXTargetDependency */,
			);
			name = WordsCounterTests;
			productName = WordsCounterTests;
			productReference = CAB1318621FA080700680F5B /* WordsCounterTests.xctest */;
			productType = "com.apple.product-type.bundle.unit-test";
		};
/* End PBXNativeTarget section */

/* Begin PBXProject section */
		CAB1316A21FA080700680F5B /* Project object */ = {
			isa = PBXProject;
			attributes = {
				LastSwiftUpdateCheck = 1010;
				LastUpgradeCheck = 1010;
				ORGANIZATIONNAME = Giovannoli;
				TargetAttributes = {
					CAB1317121FA080700680F5B = {
						CreatedOnToolsVersion = 10.1;
					};
					CAB1318521FA080700680F5B = {
						CreatedOnToolsVersion = 10.1;
						TestTargetID = CAB1317121FA080700680F5B;
					};
				};
			};
			buildConfigurationList = CAB1316D21FA080700680F5B /* Build configuration list for PBXProject "WordsCounter" */;
			compatibilityVersion = "Xcode 9.3";
			developmentRegion = en;
			hasScannedForEncodings = 0;
			knownRegions = (
				en,
				Base,
			);
			mainGroup = CAB1316921FA080700680F5B;
			productRefGroup = CAB1317321FA080700680F5B /* Products */;
			projectDirPath = "";
			projectRoot = "";
			targets = (
				CAB1317121FA080700680F5B /* WordsCounter */,
				CAB1318521FA080700680F5B /* WordsCounterTests */,
			);
		};
/* End PBXProject section */

/* Begin PBXResourcesBuildPhase section */
		CAB1317021FA080700680F5B /* Resources */ = {
			isa = PBXResourcesBuildPhase;
			buildActionMask = 2147483647;
			files = (
				CAB1318021FA080700680F5B /* LaunchScreen.storyboard in Resources */,
				CAB1317D21FA080700680F5B /* Assets.xcassets in Resources */,
				CAB1317B21FA080700680F5B /* Main.storyboard in Resources */,
			);
			runOnlyForDeploymentPostprocessing = 0;
		};
		CAB1318421FA080700680F5B /* Resources */ = {
			isa = PBXResourcesBuildPhase;
			buildActionMask = 2147483647;
			files = (
			);
			runOnlyForDeploymentPostprocessing = 0;
		};
/* End PBXResourcesBuildPhase section */

/* Begin PBXShellScriptBuildPhase section */
		8D7F3F68ADE5B816F874EC32 /* [CP] Check Pods Manifest.lock */ = {
			isa = PBXShellScriptBuildPhase;
			buildActionMask = 2147483647;
			files = (
			);
			inputPaths = (
				"${PODS_PODFILE_DIR_PATH}/Podfile.lock",
				"${PODS_ROOT}/Manifest.lock",
			);
			name = "[CP] Check Pods Manifest.lock";
			outputPaths = (
				"$(DERIVED_FILE_DIR)/Pods-WordsCounter-checkManifestLockResult.txt",
			);
			runOnlyForDeploymentPostprocessing = 0;
			shellPath = /bin/sh;
			shellScript = "diff \"${PODS_PODFILE_DIR_PATH}/Podfile.lock\" \"${PODS_ROOT}/Manifest.lock\" > /dev/null\nif [ $? != 0 ] ; then\n    # print error to STDERR\n    echo \"error: The sandbox is not in sync with the Podfile.lock. Run 'pod install' or update your CocoaPods installation.\" >&2\n    exit 1\nfi\n# This output is used by Xcode 'outputs' to avoid re-running this script phase.\necho \"SUCCESS\" > \"${SCRIPT_OUTPUT_FILE_0}\"\n";
			showEnvVarsInLog = 0;
		};
		C571D5D913B127ED96DBE056 /* [CP] Check Pods Manifest.lock */ = {
			isa = PBXShellScriptBuildPhase;
			buildActionMask = 2147483647;
			files = (
			);
			inputPaths = (
				"${PODS_PODFILE_DIR_PATH}/Podfile.lock",
				"${PODS_ROOT}/Manifest.lock",
			);
			name = "[CP] Check Pods Manifest.lock";
			outputPaths = (
				"$(DERIVED_FILE_DIR)/Pods-WordsCounterTests-checkManifestLockResult.txt",
			);
			runOnlyForDeploymentPostprocessing = 0;
			shellPath = /bin/sh;
			shellScript = "diff \"${PODS_PODFILE_DIR_PATH}/Podfile.lock\" \"${PODS_ROOT}/Manifest.lock\" > /dev/null\nif [ $? != 0 ] ; then\n    # print error to STDERR\n    echo \"error: The sandbox is not in sync with the Podfile.lock. Run 'pod install' or update your CocoaPods installation.\" >&2\n    exit 1\nfi\n# This output is used by Xcode 'outputs' to avoid re-running this script phase.\necho \"SUCCESS\" > \"${SCRIPT_OUTPUT_FILE_0}\"\n";
			showEnvVarsInLog = 0;
		};
/* End PBXShellScriptBuildPhase section */

/* Begin PBXSourcesBuildPhase section */
		CAB1316E21FA080700680F5B /* Sources */ = {
			isa = PBXSourcesBuildPhase;
			buildActionMask = 2147483647;
			files = (
				CAB1317821FA080700680F5B /* ViewController.swift in Sources */,
				CAB1317621FA080700680F5B /* AppDelegate.swift in Sources */,
			);
			runOnlyForDeploymentPostprocessing = 0;
		};
		CAB1318221FA080700680F5B /* Sources */ = {
			isa = PBXSourcesBuildPhase;
			buildActionMask = 2147483647;
			files = (
				CAB1318B21FA080700680F5B /* WordsCounterTests.swift in Sources */,
			);
			runOnlyForDeploymentPostprocessing = 0;
		};
/* End PBXSourcesBuildPhase section */

/* Begin PBXTargetDependency section */
		CAB1318821FA080700680F5B /* PBXTargetDependency */ = {
			isa = PBXTargetDependency;
			target = CAB1317121FA080700680F5B /* WordsCounter */;
			targetProxy = CAB1318721FA080700680F5B /* PBXContainerItemProxy */;
		};
/* End PBXTargetDependency section */

/* Begin PBXVariantGroup section */
		CAB1317921FA080700680F5B /* Main.storyboard */ = {
			isa = PBXVariantGroup;
			children = (
				CAB1317A21FA080700680F5B /* Base */,
			);
			name = Main.storyboard;
			sourceTree = "<group>";
		};
		CAB1317E21FA080700680F5B /* LaunchScreen.storyboard */ = {
			isa = PBXVariantGroup;
			children = (
				CAB1317F21FA080700680F5B /* Base */,
			);
			name = LaunchScreen.storyboard;
			sourceTree = "<group>";
		};
/* End PBXVariantGroup section */

/* Begin XCBuildConfiguration section */
		CAB1318D21FA080700680F5B /* Debug */ = {
			isa = XCBuildConfiguration;
			buildSettings = {
				ALWAYS_SEARCH_USER_PATHS = NO;
				CLANG_ANALYZER_NONNULL = YES;
				CLANG_ANALYZER_NUMBER_OBJECT_CONVERSION = YES_AGGRESSIVE;
				CLANG_CXX_LANGUAGE_STANDARD = "gnu++14";
				CLANG_CXX_LIBRARY = "libc++";
				CLANG_ENABLE_MODULES = YES;
				CLANG_ENABLE_OBJC_ARC = YES;
				CLANG_ENABLE_OBJC_WEAK = YES;
				CLANG_WARN_BLOCK_CAPTURE_AUTORELEASING = YES;
				CLANG_WARN_BOOL_CONVERSION = YES;
				CLANG_WARN_COMMA = YES;
				CLANG_WARN_CONSTANT_CONVERSION = YES;
				CLANG_WARN_DEPRECATED_OBJC_IMPLEMENTATIONS = YES;
				CLANG_WARN_DIRECT_OBJC_ISA_USAGE = YES_ERROR;
				CLANG_WARN_DOCUMENTATION_COMMENTS = YES;
				CLANG_WARN_EMPTY_BODY = YES;
				CLANG_WARN_ENUM_CONVERSION = YES;
				CLANG_WARN_INFINITE_RECURSION = YES;
				CLANG_WARN_INT_CONVERSION = YES;
				CLANG_WARN_NON_LITERAL_NULL_CONVERSION = YES;
				CLANG_WARN_OBJC_IMPLICIT_RETAIN_SELF = YES;
				CLANG_WARN_OBJC_LITERAL_CONVERSION = YES;
				CLANG_WARN_OBJC_ROOT_CLASS = YES_ERROR;
				CLANG_WARN_RANGE_LOOP_ANALYSIS = YES;
				CLANG_WARN_STRICT_PROTOTYPES = YES;
				CLANG_WARN_SUSPICIOUS_MOVE = YES;
				CLANG_WARN_UNGUARDED_AVAILABILITY = YES_AGGRESSIVE;
				CLANG_WARN_UNREACHABLE_CODE = YES;
				CLANG_WARN__DUPLICATE_METHOD_MATCH = YES;
				CODE_SIGN_IDENTITY = "iPhone Developer";
				COPY_PHASE_STRIP = NO;
				DEBUG_INFORMATION_FORMAT = dwarf;
				ENABLE_STRICT_OBJC_MSGSEND = YES;
				ENABLE_TESTABILITY = YES;
				GCC_C_LANGUAGE_STANDARD = gnu11;
				GCC_DYNAMIC_NO_PIC = NO;
				GCC_NO_COMMON_BLOCKS = YES;
				GCC_OPTIMIZATION_LEVEL = 0;
				GCC_PREPROCESSOR_DEFINITIONS = (
					"DEBUG=1",
					"$(inherited)",
				);
				GCC_WARN_64_TO_32_BIT_CONVERSION = YES;
				GCC_WARN_ABOUT_RETURN_TYPE = YES_ERROR;
				GCC_WARN_UNDECLARED_SELECTOR = YES;
				GCC_WARN_UNINITIALIZED_AUTOS = YES_AGGRESSIVE;
				GCC_WARN_UNUSED_FUNCTION = YES;
				GCC_WARN_UNUSED_VARIABLE = YES;
				IPHONEOS_DEPLOYMENT_TARGET = 12.1;
				MTL_ENABLE_DEBUG_INFO = INCLUDE_SOURCE;
				MTL_FAST_MATH = YES;
				ONLY_ACTIVE_ARCH = YES;
				SDKROOT = iphoneos;
				SWIFT_ACTIVE_COMPILATION_CONDITIONS = DEBUG;
				SWIFT_OPTIMIZATION_LEVEL = "-Onone";
			};
			name = Debug;
		};
		CAB1318E21FA080700680F5B /* Release */ = {
			isa = XCBuildConfiguration;
			buildSettings = {
				ALWAYS_SEARCH_USER_PATHS = NO;
				CLANG_ANALYZER_NONNULL = YES;
				CLANG_ANALYZER_NUMBER_OBJECT_CONVERSION = YES_AGGRESSIVE;
				CLANG_CXX_LANGUAGE_STANDARD = "gnu++14";
				CLANG_CXX_LIBRARY = "libc++";
				CLANG_ENABLE_MODULES = YES;
				CLANG_ENABLE_OBJC_ARC = YES;
				CLANG_ENABLE_OBJC_WEAK = YES;
				CLANG_WARN_BLOCK_CAPTURE_AUTORELEASING = YES;
				CLANG_WARN_BOOL_CONVERSION = YES;
				CLANG_WARN_COMMA = YES;
				CLANG_WARN_CONSTANT_CONVERSION = YES;
				CLANG_WARN_DEPRECATED_OBJC_IMPLEMENTATIONS = YES;
				CLANG_WARN_DIRECT_OBJC_ISA_USAGE = YES_ERROR;
				CLANG_WARN_DOCUMENTATION_COMMENTS = YES;
				CLANG_WARN_EMPTY_BODY = YES;
				CLANG_WARN_ENUM_CONVERSION = YES;
				CLANG_WARN_INFINITE_RECURSION = YES;
				CLANG_WARN_INT_CONVERSION = YES;
				CLANG_WARN_NON_LITERAL_NULL_CONVERSION = YES;
				CLANG_WARN_OBJC_IMPLICIT_RETAIN_SELF = YES;
				CLANG_WARN_OBJC_LITERAL_CONVERSION = YES;
				CLANG_WARN_OBJC_ROOT_CLASS = YES_ERROR;
				CLANG_WARN_RANGE_LOOP_ANALYSIS = YES;
				CLANG_WARN_STRICT_PROTOTYPES = YES;
				CLANG_WARN_SUSPICIOUS_MOVE = YES;
				CLANG_WARN_UNGUARDED_AVAILABILITY = YES_AGGRESSIVE;
				CLANG_WARN_UNREACHABLE_CODE = YES;
				CLANG_WARN__DUPLICATE_METHOD_MATCH = YES;
				CODE_SIGN_IDENTITY = "iPhone Developer";
				COPY_PHASE_STRIP = NO;
				DEBUG_INFORMATION_FORMAT = "dwarf-with-dsym";
				ENABLE_NS_ASSERTIONS = NO;
				ENABLE_STRICT_OBJC_MSGSEND = YES;
				GCC_C_LANGUAGE_STANDARD = gnu11;
				GCC_NO_COMMON_BLOCKS = YES;
				GCC_WARN_64_TO_32_BIT_CONVERSION = YES;
				GCC_WARN_ABOUT_RETURN_TYPE = YES_ERROR;
				GCC_WARN_UNDECLARED_SELECTOR = YES;
				GCC_WARN_UNINITIALIZED_AUTOS = YES_AGGRESSIVE;
				GCC_WARN_UNUSED_FUNCTION = YES;
				GCC_WARN_UNUSED_VARIABLE = YES;
				IPHONEOS_DEPLOYMENT_TARGET = 12.1;
				MTL_ENABLE_DEBUG_INFO = NO;
				MTL_FAST_MATH = YES;
				SDKROOT = iphoneos;
				SWIFT_COMPILATION_MODE = wholemodule;
				SWIFT_OPTIMIZATION_LEVEL = "-O";
				VALIDATE_PRODUCT = YES;
			};
			name = Release;
		};
		CAB1319021FA080700680F5B /* Debug */ = {
			isa = XCBuildConfiguration;
			baseConfigurationReference = C0F57F7013130C1C1473BA80 /* Pods-WordsCounter.debug.xcconfig */;
			buildSettings = {
				ASSETCATALOG_COMPILER_APPICON_NAME = AppIcon;
				CODE_SIGN_STYLE = Automatic;
				DEVELOPMENT_TEAM = G6AS3EWF7K;
				INFOPLIST_FILE = WordsCounter/Info.plist;
				LD_RUNPATH_SEARCH_PATHS = (
					"$(inherited)",
					"@executable_path/Frameworks",
				);
				PRODUCT_BUNDLE_IDENTIFIER = com.giovannoli.WordsCounter;
				PRODUCT_NAME = "$(TARGET_NAME)";
				SWIFT_VERSION = 4.2;
				TARGETED_DEVICE_FAMILY = "1,2";
			};
			name = Debug;
		};
		CAB1319121FA080700680F5B /* Release */ = {
			isa = XCBuildConfiguration;
			baseConfigurationReference = A48A65B466E7324205BD4DEE /* Pods-WordsCounter.release.xcconfig */;
			buildSettings = {
				ASSETCATALOG_COMPILER_APPICON_NAME = AppIcon;
				CODE_SIGN_STYLE = Automatic;
				DEVELOPMENT_TEAM = G6AS3EWF7K;
				INFOPLIST_FILE = WordsCounter/Info.plist;
				LD_RUNPATH_SEARCH_PATHS = (
					"$(inherited)",
					"@executable_path/Frameworks",
				);
				PRODUCT_BUNDLE_IDENTIFIER = com.giovannoli.WordsCounter;
				PRODUCT_NAME = "$(TARGET_NAME)";
				SWIFT_VERSION = 4.2;
				TARGETED_DEVICE_FAMILY = "1,2";
			};
			name = Release;
		};
		CAB1319321FA080700680F5B /* Debug */ = {
			isa = XCBuildConfiguration;
			baseConfigurationReference = 9EEE2AE2D458F8B11812DB9D /* Pods-WordsCounterTests.debug.xcconfig */;
			buildSettings = {
				ALWAYS_EMBED_SWIFT_STANDARD_LIBRARIES = YES;
				BUNDLE_LOADER = "$(TEST_HOST)";
				CODE_SIGN_STYLE = Automatic;
				DEVELOPMENT_TEAM = G6AS3EWF7K;
				INFOPLIST_FILE = WordsCounterTests/Info.plist;
				LD_RUNPATH_SEARCH_PATHS = (
					"$(inherited)",
					"@executable_path/Frameworks",
					"@loader_path/Frameworks",
				);
				PRODUCT_BUNDLE_IDENTIFIER = com.giovannoli.WordsCounterTests;
				PRODUCT_NAME = "$(TARGET_NAME)";
				SWIFT_VERSION = 4.2;
				TARGETED_DEVICE_FAMILY = "1,2";
				TEST_HOST = "$(BUILT_PRODUCTS_DIR)/WordsCounter.app/WordsCounter";
			};
			name = Debug;
		};
		CAB1319421FA080700680F5B /* Release */ = {
			isa = XCBuildConfiguration;
			baseConfigurationReference = 952BE6CE7A715E750DF1A15B /* Pods-WordsCounterTests.release.xcconfig */;
			buildSettings = {
				ALWAYS_EMBED_SWIFT_STANDARD_LIBRARIES = YES;
				BUNDLE_LOADER = "$(TEST_HOST)";
				CODE_SIGN_STYLE = Automatic;
				DEVELOPMENT_TEAM = G6AS3EWF7K;
				INFOPLIST_FILE = WordsCounterTests/Info.plist;
				LD_RUNPATH_SEARCH_PATHS = (
					"$(inherited)",
					"@executable_path/Frameworks",
					"@loader_path/Frameworks",
				);
				PRODUCT_BUNDLE_IDENTIFIER = com.giovannoli.WordsCounterTests;
				PRODUCT_NAME = "$(TARGET_NAME)";
				SWIFT_VERSION = 4.2;
				TARGETED_DEVICE_FAMILY = "1,2";
				TEST_HOST = "$(BUILT_PRODUCTS_DIR)/WordsCounter.app/WordsCounter";
			};
			name = Release;
		};
/* End XCBuildConfiguration section */

/* Begin XCConfigurationList section */
		CAB1316D21FA080700680F5B /* Build configuration list for PBXProject "WordsCounter" */ = {
			isa = XCConfigurationList;
			buildConfigurations = (
				CAB1318D21FA080700680F5B /* Debug */,
				CAB1318E21FA080700680F5B /* Release */,
			);
			defaultConfigurationIsVisible = 0;
			defaultConfigurationName = Release;
		};
		CAB1318F21FA080700680F5B /* Build configuration list for PBXNativeTarget "WordsCounter" */ = {
			isa = XCConfigurationList;
			buildConfigurations = (
				CAB1319021FA080700680F5B /* Debug */,
				CAB1319121FA080700680F5B /* Release */,
			);
			defaultConfigurationIsVisible = 0;
			defaultConfigurationName = Release;
		};
		CAB1319221FA080700680F5B /* Build configuration list for PBXNativeTarget "WordsCounterTests" */ = {
			isa = XCConfigurationList;
			buildConfigurations = (
				CAB1319321FA080700680F5B /* Debug */,
				CAB1319421FA080700680F5B /* Release */,
			);
			defaultConfigurationIsVisible = 0;
			defaultConfigurationName = Release;
		};
/* End XCConfigurationList section */
	};
	rootObject = CAB1316A21FA080700680F5B /* Project object */;
}
